# This file is automatically @generated by Wally.
# It is not intended for manual editing.
registry = "test"

[[package]]
name = "jaeymo/grid"
version = "0.1.0"
dependencies = [["heap", "jaeymo/heap@1.0.0"], ["trove", "sleitnick/trove@1.5.1"]]

[[package]]
name = "jaeymo/heap"
version = "1.0.0"
dependencies = []

[[package]]
name = "sleitnick/trove"
version = "1.5.1"
dependencies = []
