# This file is automatically @generated by Wally.
# It is not intended for manual editing.
registry = "test"

[[package]]
name = "jaeymo/ragdoll"
version = "1.6.0"
dependencies = [["ragdoll-system", "leostormer/ragdoll-system@0.6.1"]]

[[package]]
name = "leostormer/ragdoll-system"
version = "0.6.1"
dependencies = [["Signal", "sleitnick/signal@2.0.3"], ["Trove", "sleitnick/trove@1.5.1"]]

[[package]]
name = "sleitnick/signal"
version = "2.0.3"
dependencies = []

[[package]]
name = "sleitnick/trove"
version = "1.5.1"
dependencies = []
